
Microsoft Visual Studio Solution File, Format Version 12.00
# Visual Studio Version 17
VisualStudioVersion = 17.0.31903.59
MinimumVisualStudioVersion = 10.0.40219.1
Project("{FAE04EC0-301F-11D3-BF4B-00C04F79EFBC}") = "Crud", "Crud\Crud.csproj", "{CED12E16-8FF8-491B-9F8C-8CC0CF84256A}"
EndProject
Project("{FAE04EC0-301F-11D3-BF4B-00C04F79EFBC}") = "Data", "Data\Data.csproj", "{0C10C9BC-E8DD-437D-BD1A-D8C8016D5F76}"
EndProject
Project("{FAE04EC0-301F-11D3-BF4B-00C04F79EFBC}") = "Core", "Core\Core.csproj", "{BCA00D5C-6D8F-4A5D-9C58-A14AF5A8F54A}"
EndProject
Project("{FAE04EC0-301F-11D3-BF4B-00C04F79EFBC}") = "Services", "Services\Services.csproj", "{A42FED1D-86D3-46AD-AECF-241CE9312AB8}"
EndProject
Global
	GlobalSection(SolutionConfigurationPlatforms) = preSolution
		Debug|Any CPU = Debug|Any CPU
		Release|Any CPU = Release|Any CPU
	EndGlobalSection
	GlobalSection(SolutionProperties) = preSolution
		HideSolutionNode = FALSE
	EndGlobalSection
	GlobalSection(ProjectConfigurationPlatforms) = postSolution
		{CED12E16-8FF8-491B-9F8C-8CC0CF84256A}.Debug|Any CPU.ActiveCfg = Debug|Any CPU
		{CED12E16-8FF8-491B-9F8C-8CC0CF84256A}.Debug|Any CPU.Build.0 = Debug|Any CPU
		{CED12E16-8FF8-491B-9F8C-8CC0CF84256A}.Release|Any CPU.ActiveCfg = Release|Any CPU
		{CED12E16-8FF8-491B-9F8C-8CC0CF84256A}.Release|Any CPU.Build.0 = Release|Any CPU
		{0C10C9BC-E8DD-437D-BD1A-D8C8016D5F76}.Debug|Any CPU.ActiveCfg = Debug|Any CPU
		{0C10C9BC-E8DD-437D-BD1A-D8C8016D5F76}.Debug|Any CPU.Build.0 = Debug|Any CPU
		{0C10C9BC-E8DD-437D-BD1A-D8C8016D5F76}.Release|Any CPU.ActiveCfg = Release|Any CPU
		{0C10C9BC-E8DD-437D-BD1A-D8C8016D5F76}.Release|Any CPU.Build.0 = Release|Any CPU
		{BCA00D5C-6D8F-4A5D-9C58-A14AF5A8F54A}.Debug|Any CPU.ActiveCfg = Debug|Any CPU
		{BCA00D5C-6D8F-4A5D-9C58-A14AF5A8F54A}.Debug|Any CPU.Build.0 = Debug|Any CPU
		{BCA00D5C-6D8F-4A5D-9C58-A14AF5A8F54A}.Release|Any CPU.ActiveCfg = Release|Any CPU
		{BCA00D5C-6D8F-4A5D-9C58-A14AF5A8F54A}.Release|Any CPU.Build.0 = Release|Any CPU
		{A42FED1D-86D3-46AD-AECF-241CE9312AB8}.Debug|Any CPU.ActiveCfg = Debug|Any CPU
		{A42FED1D-86D3-46AD-AECF-241CE9312AB8}.Debug|Any CPU.Build.0 = Debug|Any CPU
		{A42FED1D-86D3-46AD-AECF-241CE9312AB8}.Release|Any CPU.ActiveCfg = Release|Any CPU
		{A42FED1D-86D3-46AD-AECF-241CE9312AB8}.Release|Any CPU.Build.0 = Release|Any CPU
	EndGlobalSection
EndGlobal
